
Microsoft Visual Studio Solution File, Format Version 12.00
# Visual Studio Version 16
VisualStudioVersion = 16.0.31205.134
MinimumVisualStudioVersion = 10.0.40219.1
Project("{9A19103F-16F7-4668-BE54-9A1E7A4F7556}") = "MediatRSample", "MediatRSample.csproj", "{F8F396FC-C67D-457A-9B17-106275EFFA51}"
EndProject
Global
	GlobalSection(SolutionConfigurationPlatforms) = preSolution
		Debug|Any CPU = Debug|Any CPU
		Release|Any CPU = Release|Any CPU
	EndGlobalSection
	GlobalSection(ProjectConfigurationPlatforms) = postSolution
		{F8F396FC-C67D-457A-9B17-106275EFFA51}.Debug|Any CPU.ActiveCfg = Debug|Any CPU
		{F8F396FC-C67D-457A-9B17-106275EFFA51}.Debug|Any CPU.Build.0 = Debug|Any CPU
		{F8F396FC-C67D-457A-9B17-106275EFFA51}.Release|Any CPU.ActiveCfg = Release|Any CPU
		{F8F396FC-C67D-457A-9B17-106275EFFA51}.Release|Any CPU.Build.0 = Release|Any CPU
	EndGlobalSection
	GlobalSection(SolutionProperties) = preSolution
		HideSolutionNode = FALSE
	EndGlobalSection
	GlobalSection(ExtensibilityGlobals) = postSolution
		SolutionGuid = {E0214F52-A3B9-4B8D-9037-D62A2114516D}
	EndGlobalSection
EndGlobal
